
Microsoft Visual Studio Solution File, Format Version 12.00
# Visual Studio Version 17
VisualStudioVersion = 17.13.35931.197 d17.13
MinimumVisualStudioVersion = 10.0.40219.1
Project("{FAE04EC0-301F-11D3-BF4B-00C04F79EFBC}") = "SesAPI", "SesAPI.csproj", "{4058FB23-0923-1259-51DA-7748789E17BF}"
EndProject
Global
	GlobalSection(SolutionConfigurationPlatforms) = preSolution
		Debug|Any CPU = Debug|Any CPU
		Release|Any CPU = Release|Any CPU
	EndGlobalSection
	GlobalSection(ProjectConfigurationPlatforms) = postSolution
		{4058FB23-0923-1259-51DA-7748789E17BF}.Debug|Any CPU.ActiveCfg = Debug|Any CPU
		{4058FB23-0923-1259-51DA-7748789E17BF}.Debug|Any CPU.Build.0 = Debug|Any CPU
		{4058FB23-0923-1259-51DA-7748789E17BF}.Release|Any CPU.ActiveCfg = Release|Any CPU
		{4058FB23-0923-1259-51DA-7748789E17BF}.Release|Any CPU.Build.0 = Release|Any CPU
	EndGlobalSection
	GlobalSection(SolutionProperties) = preSolution
		HideSolutionNode = FALSE
	EndGlobalSection
	GlobalSection(ExtensibilityGlobals) = postSolution
		SolutionGuid = {D34D4CB6-DD47-4924-8192-BD9C9AF5C66A}
	EndGlobalSection
EndGlobal
